dependencies:
- name: postgresql
  repository: https://charts.bitnami.com/bitnami
  version: 12.2.6
- name: minio
  repository: https://charts.bitnami.com/bitnami
  version: 12.2.1
- name: mailhog
  repository: https://codecentric.github.io/helm-charts
  version: 5.2.3
- name: common
  repository: oci://registry-1.docker.io/bitnamicharts
  version: 2.13.2
digest: sha256:cc5216882053a5c112c67c627ba8bfd37f6688c7c2c7e565c43cb5a2f5beddd3
generated: "2023-10-17T11:14:26.402487906+02:00"
